
Microsoft Visual Studio Solution File, Format Version 12.00
# Visual Studio Version 16
VisualStudioVersion = 16.0.31613.86
MinimumVisualStudioVersion = 10.0.40219.1
Project("{FAE04EC0-301F-11D3-BF4B-00C04F79EFBC}") = "QLnhahang_anhttt", "QLnhahang_anhttt.csproj", "{37AAAB0B-5F19-493D-9C6E-CA77218681A1}"
EndProject
Global
	GlobalSection(SolutionConfigurationPlatforms) = preSolution
		Debug|Any CPU = Debug|Any CPU
		Release|Any CPU = Release|Any CPU
	EndGlobalSection
	GlobalSection(ProjectConfigurationPlatforms) = postSolution
		{37AAAB0B-5F19-493D-9C6E-CA77218681A1}.Debug|Any CPU.ActiveCfg = Debug|Any CPU
		{37AAAB0B-5F19-493D-9C6E-CA77218681A1}.Debug|Any CPU.Build.0 = Debug|Any CPU
		{37AAAB0B-5F19-493D-9C6E-CA77218681A1}.Release|Any CPU.ActiveCfg = Release|Any CPU
		{37AAAB0B-5F19-493D-9C6E-CA77218681A1}.Release|Any CPU.Build.0 = Release|Any CPU
	EndGlobalSection
	GlobalSection(SolutionProperties) = preSolution
		HideSolutionNode = FALSE
	EndGlobalSection
	GlobalSection(ExtensibilityGlobals) = postSolution
		SolutionGuid = {99979990-66CF-4E31-A882-8C8C43428D0D}
	EndGlobalSection
EndGlobal
